
Microsoft Visual Studio Solution File, Format Version 12.00
# Visual Studio Version 16
VisualStudioVersion = 16.0.33927.289
MinimumVisualStudioVersion = 10.0.40219.1
Project("{2150E333-8FDC-42A3-9474-1A3956D46DE8}") = "Task0", "Task0", "{85E6E904-70AF-4566-99F1-F6C925B8B919}"
EndProject
Project("{2150E333-8FDC-42A3-9474-1A3956D46DE8}") = "Task1", "Task1", "{8CC505FA-C442-42CB-8198-34B7E1BF24F6}"
EndProject
Project("{2150E333-8FDC-42A3-9474-1A3956D46DE8}") = "Task2", "Task2", "{2255D87D-80C0-4FDD-A1E9-C1566FF4A1F3}"
EndProject
Project("{2150E333-8FDC-42A3-9474-1A3956D46DE8}") = "Task3", "Task3", "{D85D64CE-3A08-40BE-8942-F7C0C1BE2649}"
EndProject
Project("{FAE04EC0-301F-11D3-BF4B-00C04F79EFBC}") = "Tyuiu.PozhdinAA.Sprint4.Task0.V9", "Tyuiu.PozhdinAA.Sprint4.Task0.V9\Tyuiu.PozhdinAA.Sprint4.Task0.V9.csproj", "{B495F8B0-FF82-4BB8-8281-D043B70ED207}"
EndProject
Project("{FAE04EC0-301F-11D3-BF4B-00C04F79EFBC}") = "Tyuiu.PozhdinAA.Sprint4.Task0.V9.Lib", "Tyuiu.PozhdinAA.Sprint4.Task0.V9.Lib\Tyuiu.PozhdinAA.Sprint4.Task0.V9.Lib.csproj", "{4C4791A4-0B6F-49F2-A751-A0243BB0927A}"
EndProject
Project("{FAE04EC0-301F-11D3-BF4B-00C04F79EFBC}") = "Tyuiu.PozhdinAA.Sprint4.Task0.V9.Test", "Tyuiu.PozhdinAA.Sprint4.Task0.V9.Test\Tyuiu.PozhdinAA.Sprint4.Task0.V9.Test.csproj", "{81B32E89-2977-47E5-94D5-B7C49253C915}"
EndProject
Project("{FAE04EC0-301F-11D3-BF4B-00C04F79EFBC}") = "Tyuiu.PozhdinAA.Sprint4.Task1.V24", "Tyuiu.PozhdinAA.Sprint4.Task1.V24\Tyuiu.PozhdinAA.Sprint4.Task1.V24.csproj", "{B322BC4D-7434-408E-8BCD-A1109A6DB3FA}"
EndProject
Project("{FAE04EC0-301F-11D3-BF4B-00C04F79EFBC}") = "Tyuiu.PozhdinAA.Sprint4.Task1.V24.Lib", "Tyuiu.PozhdinAA.Sprint4.Task1.V24.Lib\Tyuiu.PozhdinAA.Sprint4.Task1.V24.Lib.csproj", "{C0F5594E-7C38-463E-8C5B-D979FC8653E7}"
EndProject
Project("{FAE04EC0-301F-11D3-BF4B-00C04F79EFBC}") = "Tyuiu.PozhdinAA.Sprint4.Task1.V24.Test", "Tyuiu.PozhdinAA.Sprint4.Task1.V24.Test\Tyuiu.PozhdinAA.Sprint4.Task1.V24.Test.csproj", "{4D6B4B36-D965-492D-BAC8-6148F1ACC20A}"
EndProject
Project("{FAE04EC0-301F-11D3-BF4B-00C04F79EFBC}") = "Tyuiu.PozhdinAA.Sprint4.Task2.V7", "Tyuiu.PozhdinAA.Sprint4.Task2.V7\Tyuiu.PozhdinAA.Sprint4.Task2.V7.csproj", "{1D6CFDE9-1E20-4FED-92FB-1AFE0312A443}"
EndProject
Project("{FAE04EC0-301F-11D3-BF4B-00C04F79EFBC}") = "Tyuiu.PozhdinAA.Sprint4.Task2.V7.Lib", "Tyuiu.PozhdinAA.Sprint4.Task2.V7.Lib\Tyuiu.PozhdinAA.Sprint4.Task2.V7.Lib.csproj", "{96114250-109C-4E16-82B6-9BA151B52500}"
EndProject
Project("{FAE04EC0-301F-11D3-BF4B-00C04F79EFBC}") = "Tyuiu.PozhdinAA.Sprint4.Task2.V7.Test", "Tyuiu.PozhdinAA.Sprint4.Task2.V7.Test\Tyuiu.PozhdinAA.Sprint4.Task2.V7.Test.csproj", "{1276B842-7EED-414A-9BE9-89DC88A3B221}"
EndProject
Project("{FAE04EC0-301F-11D3-BF4B-00C04F79EFBC}") = "Tyuiu.PozhdinAA.Sprint4.Task3.V16", "Tyuiu.PozhdinAA.Sprint4.Task3.V16\Tyuiu.PozhdinAA.Sprint4.Task3.V16.csproj", "{D87F7C96-6BD0-4A1B-B359-8C7E323BA53A}"
EndProject
Project("{FAE04EC0-301F-11D3-BF4B-00C04F79EFBC}") = "Tyuiu.PozhdinAA.Sprint4.Task3.V16.Lib", "Tyuiu.PozhdinAA.Sprint4.Task3.V16.Lib\Tyuiu.PozhdinAA.Sprint4.Task3.V16.Lib.csproj", "{97DC6CFF-01BD-4B1A-8C8A-FF494D1545CA}"
EndProject
Project("{FAE04EC0-301F-11D3-BF4B-00C04F79EFBC}") = "Tyuiu.PozhdinAA.Sprint4.Task3.V16.Test", "Tyuiu.PozhdinAA.Sprint4.Task3.V16.Test\Tyuiu.PozhdinAA.Sprint4.Task3.V16.Test.csproj", "{C8DB814D-ADF0-433E-87B4-2AF31566671C}"
EndProject
Project("{2150E333-8FDC-42A3-9474-1A3956D46DE8}") = "Task4", "Task4", "{D0C0A44E-9C18-4665-B187-FB3006496836}"
EndProject
Project("{2150E333-8FDC-42A3-9474-1A3956D46DE8}") = "Task5", "Task5", "{2879E9E8-0A65-452C-9314-16258DDE5AC9}"
EndProject
Project("{2150E333-8FDC-42A3-9474-1A3956D46DE8}") = "Task6", "Task6", "{2C56EE44-C135-4C51-B4B8-0DD415BB2B06}"
EndProject
Project("{2150E333-8FDC-42A3-9474-1A3956D46DE8}") = "Task7", "Task7", "{298EBB5A-11F0-4BD3-9099-0CC735415675}"
EndProject
Project("{FAE04EC0-301F-11D3-BF4B-00C04F79EFBC}") = "Tyuiu.PozhdinAA.Sprint4.Task4.V8", "Tyuiu.PozhdinAA.Sprint4.Task4.V8\Tyuiu.PozhdinAA.Sprint4.Task4.V8.csproj", "{5A07678C-A31A-4B4A-B4C7-5542C5A1F88A}"
EndProject
Project("{FAE04EC0-301F-11D3-BF4B-00C04F79EFBC}") = "Tyuiu.PozhdinAA.Sprint4.Task4.V8.Lib", "Tyuiu.PozhdinAA.Sprint4.Task4.V8.Lib\Tyuiu.PozhdinAA.Sprint4.Task4.V8.Lib.csproj", "{440ACB7F-BB8D-48B2-8CE9-94C60188036C}"
EndProject
Project("{FAE04EC0-301F-11D3-BF4B-00C04F79EFBC}") = "Tyuiu.PozhdinAA.Sprint4.Task4.V8.Test", "Tyuiu.PozhdinAA.Sprint4.Task4.V8.Test\Tyuiu.PozhdinAA.Sprint4.Task4.V8.Test.csproj", "{A711FBC8-C133-42EE-A781-E441DF226B7E}"
EndProject
Project("{FAE04EC0-301F-11D3-BF4B-00C04F79EFBC}") = "Tyuiu.PozhdinAA.Sprint4.Task5.V17", "Tyuiu.PozhdinAA.Sprint4.Task5.V17\Tyuiu.PozhdinAA.Sprint4.Task5.V17.csproj", "{C8584BF2-F689-40C8-83B1-D89DFA6430CB}"
EndProject
Project("{FAE04EC0-301F-11D3-BF4B-00C04F79EFBC}") = "Tyuiu.PozhdinAA.Sprint4.Task5.V17.Lib", "Tyuiu.PozhdinAA.Sprint4.Task5.V17.Lib\Tyuiu.PozhdinAA.Sprint4.Task5.V17.Lib.csproj", "{EFCA2204-28EE-41B5-B2D6-D4FA5FBF09A6}"
EndProject
Project("{FAE04EC0-301F-11D3-BF4B-00C04F79EFBC}") = "Tyuiu.PozhdinAA.Sprint4.Task5.V17.Test", "Tyuiu.PozhdinAA.Sprint4.Task5.V17.Test\Tyuiu.PozhdinAA.Sprint4.Task5.V17.Test.csproj", "{2ED49752-B137-4206-99E7-7E05D49C1BAB}"
EndProject
Project("{FAE04EC0-301F-11D3-BF4B-00C04F79EFBC}") = "Tyuiu.PozhdinAA.Sprint4.Task6.V11", "Tyuiu.PozhdinAA.Sprint4.Task6.V11\Tyuiu.PozhdinAA.Sprint4.Task6.V11.csproj", "{1A0B78DB-4E1A-4775-B1E0-BA8E99A9A08A}"
EndProject
Project("{FAE04EC0-301F-11D3-BF4B-00C04F79EFBC}") = "Tyuiu.PozhdinAA.Sprint4.Task6.V11.Lib", "Tyuiu.PozhdinAA.Sprint4.Task6.V11.Lib\Tyuiu.PozhdinAA.Sprint4.Task6.V11.Lib.csproj", "{33DAC96F-DB2B-493E-856E-75DE496F3754}"
EndProject
Project("{FAE04EC0-301F-11D3-BF4B-00C04F79EFBC}") = "Tyuiu.PozhdinAA.Sprint4.Task6.V11.Test", "Tyuiu.PozhdinAA.Sprint4.Task6.V11.Test\Tyuiu.PozhdinAA.Sprint4.Task6.V11.Test.csproj", "{21CABA1C-5288-456C-8337-5FF1BBD70FD7}"
EndProject
Global
	GlobalSection(SolutionConfigurationPlatforms) = preSolution
		Debug|Any CPU = Debug|Any CPU
		Release|Any CPU = Release|Any CPU
	EndGlobalSection
	GlobalSection(ProjectConfigurationPlatforms) = postSolution
		{B495F8B0-FF82-4BB8-8281-D043B70ED207}.Debug|Any CPU.ActiveCfg = Debug|Any CPU
		{B495F8B0-FF82-4BB8-8281-D043B70ED207}.Debug|Any CPU.Build.0 = Debug|Any CPU
		{B495F8B0-FF82-4BB8-8281-D043B70ED207}.Release|Any CPU.ActiveCfg = Release|Any CPU
		{B495F8B0-FF82-4BB8-8281-D043B70ED207}.Release|Any CPU.Build.0 = Release|Any CPU
		{4C4791A4-0B6F-49F2-A751-A0243BB0927A}.Debug|Any CPU.ActiveCfg = Debug|Any CPU
		{4C4791A4-0B6F-49F2-A751-A0243BB0927A}.Debug|Any CPU.Build.0 = Debug|Any CPU
		{4C4791A4-0B6F-49F2-A751-A0243BB0927A}.Release|Any CPU.ActiveCfg = Release|Any CPU
		{4C4791A4-0B6F-49F2-A751-A0243BB0927A}.Release|Any CPU.Build.0 = Release|Any CPU
		{81B32E89-2977-47E5-94D5-B7C49253C915}.Debug|Any CPU.ActiveCfg = Debug|Any CPU
		{81B32E89-2977-47E5-94D5-B7C49253C915}.Debug|Any CPU.Build.0 = Debug|Any CPU
		{81B32E89-2977-47E5-94D5-B7C49253C915}.Release|Any CPU.ActiveCfg = Release|Any CPU
		{81B32E89-2977-47E5-94D5-B7C49253C915}.Release|Any CPU.Build.0 = Release|Any CPU
		{B322BC4D-7434-408E-8BCD-A1109A6DB3FA}.Debug|Any CPU.ActiveCfg = Debug|Any CPU
		{B322BC4D-7434-408E-8BCD-A1109A6DB3FA}.Debug|Any CPU.Build.0 = Debug|Any CPU
		{B322BC4D-7434-408E-8BCD-A1109A6DB3FA}.Release|Any CPU.ActiveCfg = Release|Any CPU
		{B322BC4D-7434-408E-8BCD-A1109A6DB3FA}.Release|Any CPU.Build.0 = Release|Any CPU
		{C0F5594E-7C38-463E-8C5B-D979FC8653E7}.Debug|Any CPU.ActiveCfg = Debug|Any CPU
		{C0F5594E-7C38-463E-8C5B-D979FC8653E7}.Debug|Any CPU.Build.0 = Debug|Any CPU
		{C0F5594E-7C38-463E-8C5B-D979FC8653E7}.Release|Any CPU.ActiveCfg = Release|Any CPU
		{C0F5594E-7C38-463E-8C5B-D979FC8653E7}.Release|Any CPU.Build.0 = Release|Any CPU
		{4D6B4B36-D965-492D-BAC8-6148F1ACC20A}.Debug|Any CPU.ActiveCfg = Debug|Any CPU
		{4D6B4B36-D965-492D-BAC8-6148F1ACC20A}.Debug|Any CPU.Build.0 = Debug|Any CPU
		{4D6B4B36-D965-492D-BAC8-6148F1ACC20A}.Release|Any CPU.ActiveCfg = Release|Any CPU
		{4D6B4B36-D965-492D-BAC8-6148F1ACC20A}.Release|Any CPU.Build.0 = Release|Any CPU
		{1D6CFDE9-1E20-4FED-92FB-1AFE0312A443}.Debug|Any CPU.ActiveCfg = Debug|Any CPU
		{1D6CFDE9-1E20-4FED-92FB-1AFE0312A443}.Debug|Any CPU.Build.0 = Debug|Any CPU
		{1D6CFDE9-1E20-4FED-92FB-1AFE0312A443}.Release|Any CPU.ActiveCfg = Release|Any CPU
		{1D6CFDE9-1E20-4FED-92FB-1AFE0312A443}.Release|Any CPU.Build.0 = Release|Any CPU
		{96114250-109C-4E16-82B6-9BA151B52500}.Debug|Any CPU.ActiveCfg = Debug|Any CPU
		{96114250-109C-4E16-82B6-9BA151B52500}.Debug|Any CPU.Build.0 = Debug|Any CPU
		{96114250-109C-4E16-82B6-9BA151B52500}.Release|Any CPU.ActiveCfg = Release|Any CPU
		{96114250-109C-4E16-82B6-9BA151B52500}.Release|Any CPU.Build.0 = Release|Any CPU
		{1276B842-7EED-414A-9BE9-89DC88A3B221}.Debug|Any CPU.ActiveCfg = Debug|Any CPU
		{1276B842-7EED-414A-9BE9-89DC88A3B221}.Debug|Any CPU.Build.0 = Debug|Any CPU
		{1276B842-7EED-414A-9BE9-89DC88A3B221}.Release|Any CPU.ActiveCfg = Release|Any CPU
		{1276B842-7EED-414A-9BE9-89DC88A3B221}.Release|Any CPU.Build.0 = Release|Any CPU
		{D87F7C96-6BD0-4A1B-B359-8C7E323BA53A}.Debug|Any CPU.ActiveCfg = Debug|Any CPU
		{D87F7C96-6BD0-4A1B-B359-8C7E323BA53A}.Debug|Any CPU.Build.0 = Debug|Any CPU
		{D87F7C96-6BD0-4A1B-B359-8C7E323BA53A}.Release|Any CPU.ActiveCfg = Release|Any CPU
		{D87F7C96-6BD0-4A1B-B359-8C7E323BA53A}.Release|Any CPU.Build.0 = Release|Any CPU
		{97DC6CFF-01BD-4B1A-8C8A-FF494D1545CA}.Debug|Any CPU.ActiveCfg = Debug|Any CPU
		{97DC6CFF-01BD-4B1A-8C8A-FF494D1545CA}.Debug|Any CPU.Build.0 = Debug|Any CPU
		{97DC6CFF-01BD-4B1A-8C8A-FF494D1545CA}.Release|Any CPU.ActiveCfg = Release|Any CPU
		{97DC6CFF-01BD-4B1A-8C8A-FF494D1545CA}.Release|Any CPU.Build.0 = Release|Any CPU
		{C8DB814D-ADF0-433E-87B4-2AF31566671C}.Debug|Any CPU.ActiveCfg = Debug|Any CPU
		{C8DB814D-ADF0-433E-87B4-2AF31566671C}.Debug|Any CPU.Build.0 = Debug|Any CPU
		{C8DB814D-ADF0-433E-87B4-2AF31566671C}.Release|Any CPU.ActiveCfg = Release|Any CPU
		{C8DB814D-ADF0-433E-87B4-2AF31566671C}.Release|Any CPU.Build.0 = Release|Any CPU
		{5A07678C-A31A-4B4A-B4C7-5542C5A1F88A}.Debug|Any CPU.ActiveCfg = Debug|Any CPU
		{5A07678C-A31A-4B4A-B4C7-5542C5A1F88A}.Debug|Any CPU.Build.0 = Debug|Any CPU
		{5A07678C-A31A-4B4A-B4C7-5542C5A1F88A}.Release|Any CPU.ActiveCfg = Release|Any CPU
		{5A07678C-A31A-4B4A-B4C7-5542C5A1F88A}.Release|Any CPU.Build.0 = Release|Any CPU
		{440ACB7F-BB8D-48B2-8CE9-94C60188036C}.Debug|Any CPU.ActiveCfg = Debug|Any CPU
		{440ACB7F-BB8D-48B2-8CE9-94C60188036C}.Debug|Any CPU.Build.0 = Debug|Any CPU
		{440ACB7F-BB8D-48B2-8CE9-94C60188036C}.Release|Any CPU.ActiveCfg = Release|Any CPU
		{440ACB7F-BB8D-48B2-8CE9-94C60188036C}.Release|Any CPU.Build.0 = Release|Any CPU
		{A711FBC8-C133-42EE-A781-E441DF226B7E}.Debug|Any CPU.ActiveCfg = Debug|Any CPU
		{A711FBC8-C133-42EE-A781-E441DF226B7E}.Debug|Any CPU.Build.0 = Debug|Any CPU
		{A711FBC8-C133-42EE-A781-E441DF226B7E}.Release|Any CPU.ActiveCfg = Release|Any CPU
		{A711FBC8-C133-42EE-A781-E441DF226B7E}.Release|Any CPU.Build.0 = Release|Any CPU
		{C8584BF2-F689-40C8-83B1-D89DFA6430CB}.Debug|Any CPU.ActiveCfg = Debug|Any CPU
		{C8584BF2-F689-40C8-83B1-D89DFA6430CB}.Debug|Any CPU.Build.0 = Debug|Any CPU
		{C8584BF2-F689-40C8-83B1-D89DFA6430CB}.Release|Any CPU.ActiveCfg = Release|Any CPU
		{C8584BF2-F689-40C8-83B1-D89DFA6430CB}.Release|Any CPU.Build.0 = Release|Any CPU
		{EFCA2204-28EE-41B5-B2D6-D4FA5FBF09A6}.Debug|Any CPU.ActiveCfg = Debug|Any CPU
		{EFCA2204-28EE-41B5-B2D6-D4FA5FBF09A6}.Debug|Any CPU.Build.0 = Debug|Any CPU
		{EFCA2204-28EE-41B5-B2D6-D4FA5FBF09A6}.Release|Any CPU.ActiveCfg = Release|Any CPU
		{EFCA2204-28EE-41B5-B2D6-D4FA5FBF09A6}.Release|Any CPU.Build.0 = Release|Any CPU
		{2ED49752-B137-4206-99E7-7E05D49C1BAB}.Debug|Any CPU.ActiveCfg = Debug|Any CPU
		{2ED49752-B137-4206-99E7-7E05D49C1BAB}.Debug|Any CPU.Build.0 = Debug|Any CPU
		{2ED49752-B137-4206-99E7-7E05D49C1BAB}.Release|Any CPU.ActiveCfg = Release|Any CPU
		{2ED49752-B137-4206-99E7-7E05D49C1BAB}.Release|Any CPU.Build.0 = Release|Any CPU
		{1A0B78DB-4E1A-4775-B1E0-BA8E99A9A08A}.Debug|Any CPU.ActiveCfg = Debug|Any CPU
		{1A0B78DB-4E1A-4775-B1E0-BA8E99A9A08A}.Debug|Any CPU.Build.0 = Debug|Any CPU
		{1A0B78DB-4E1A-4775-B1E0-BA8E99A9A08A}.Release|Any CPU.ActiveCfg = Release|Any CPU
		{1A0B78DB-4E1A-4775-B1E0-BA8E99A9A08A}.Release|Any CPU.Build.0 = Release|Any CPU
		{33DAC96F-DB2B-493E-856E-75DE496F3754}.Debug|Any CPU.ActiveCfg = Debug|Any CPU
		{33DAC96F-DB2B-493E-856E-75DE496F3754}.Debug|Any CPU.Build.0 = Debug|Any CPU
		{33DAC96F-DB2B-493E-856E-75DE496F3754}.Release|Any CPU.ActiveCfg = Release|Any CPU
		{33DAC96F-DB2B-493E-856E-75DE496F3754}.Release|Any CPU.Build.0 = Release|Any CPU
		{21CABA1C-5288-456C-8337-5FF1BBD70FD7}.Debug|Any CPU.ActiveCfg = Debug|Any CPU
		{21CABA1C-5288-456C-8337-5FF1BBD70FD7}.Debug|Any CPU.Build.0 = Debug|Any CPU
		{21CABA1C-5288-456C-8337-5FF1BBD70FD7}.Release|Any CPU.ActiveCfg = Release|Any CPU
		{21CABA1C-5288-456C-8337-5FF1BBD70FD7}.Release|Any CPU.Build.0 = Release|Any CPU
	EndGlobalSection
	GlobalSection(SolutionProperties) = preSolution
		HideSolutionNode = FALSE
	EndGlobalSection
	GlobalSection(NestedProjects) = preSolution
		{B495F8B0-FF82-4BB8-8281-D043B70ED207} = {85E6E904-70AF-4566-99F1-F6C925B8B919}
		{4C4791A4-0B6F-49F2-A751-A0243BB0927A} = {85E6E904-70AF-4566-99F1-F6C925B8B919}
		{81B32E89-2977-47E5-94D5-B7C49253C915} = {85E6E904-70AF-4566-99F1-F6C925B8B919}
		{B322BC4D-7434-408E-8BCD-A1109A6DB3FA} = {8CC505FA-C442-42CB-8198-34B7E1BF24F6}
		{C0F5594E-7C38-463E-8C5B-D979FC8653E7} = {8CC505FA-C442-42CB-8198-34B7E1BF24F6}
		{4D6B4B36-D965-492D-BAC8-6148F1ACC20A} = {8CC505FA-C442-42CB-8198-34B7E1BF24F6}
		{1D6CFDE9-1E20-4FED-92FB-1AFE0312A443} = {2255D87D-80C0-4FDD-A1E9-C1566FF4A1F3}
		{96114250-109C-4E16-82B6-9BA151B52500} = {2255D87D-80C0-4FDD-A1E9-C1566FF4A1F3}
		{1276B842-7EED-414A-9BE9-89DC88A3B221} = {2255D87D-80C0-4FDD-A1E9-C1566FF4A1F3}
		{D87F7C96-6BD0-4A1B-B359-8C7E323BA53A} = {D85D64CE-3A08-40BE-8942-F7C0C1BE2649}
		{97DC6CFF-01BD-4B1A-8C8A-FF494D1545CA} = {D85D64CE-3A08-40BE-8942-F7C0C1BE2649}
		{C8DB814D-ADF0-433E-87B4-2AF31566671C} = {D85D64CE-3A08-40BE-8942-F7C0C1BE2649}
		{5A07678C-A31A-4B4A-B4C7-5542C5A1F88A} = {D0C0A44E-9C18-4665-B187-FB3006496836}
		{440ACB7F-BB8D-48B2-8CE9-94C60188036C} = {D0C0A44E-9C18-4665-B187-FB3006496836}
		{A711FBC8-C133-42EE-A781-E441DF226B7E} = {D0C0A44E-9C18-4665-B187-FB3006496836}
		{C8584BF2-F689-40C8-83B1-D89DFA6430CB} = {2879E9E8-0A65-452C-9314-16258DDE5AC9}
		{EFCA2204-28EE-41B5-B2D6-D4FA5FBF09A6} = {2879E9E8-0A65-452C-9314-16258DDE5AC9}
		{2ED49752-B137-4206-99E7-7E05D49C1BAB} = {2879E9E8-0A65-452C-9314-16258DDE5AC9}
		{1A0B78DB-4E1A-4775-B1E0-BA8E99A9A08A} = {2C56EE44-C135-4C51-B4B8-0DD415BB2B06}
		{33DAC96F-DB2B-493E-856E-75DE496F3754} = {2C56EE44-C135-4C51-B4B8-0DD415BB2B06}
		{21CABA1C-5288-456C-8337-5FF1BBD70FD7} = {2C56EE44-C135-4C51-B4B8-0DD415BB2B06}
	EndGlobalSection
	GlobalSection(ExtensibilityGlobals) = postSolution
		SolutionGuid = {D96857C7-1634-487A-8B93-D98568AAA80B}
	EndGlobalSection
EndGlobal
