
Microsoft Visual Studio Solution File, Format Version 12.00
# Visual Studio Version 16
VisualStudioVersion = 16.0.33927.289
MinimumVisualStudioVersion = 10.0.40219.1
Project("{2150E333-8FDC-42A3-9474-1A3956D46DE8}") = "Task0", "Task0", "{85E6E904-70AF-4566-99F1-F6C925B8B919}"
EndProject
Project("{2150E333-8FDC-42A3-9474-1A3956D46DE8}") = "Task1", "Task1", "{8CC505FA-C442-42CB-8198-34B7E1BF24F6}"
EndProject
Project("{2150E333-8FDC-42A3-9474-1A3956D46DE8}") = "Task2", "Task2", "{2255D87D-80C0-4FDD-A1E9-C1566FF4A1F3}"
EndProject
Project("{2150E333-8FDC-42A3-9474-1A3956D46DE8}") = "Task3", "Task3", "{D85D64CE-3A08-40BE-8942-F7C0C1BE2649}"
EndProject
Project("{FAE04EC0-301F-11D3-BF4B-00C04F79EFBC}") = "Tyuiu.PozhdinAA.Sprint4.Task0.V9", "Tyuiu.PozhdinAA.Sprint4.Task0.V9\Tyuiu.PozhdinAA.Sprint4.Task0.V9.csproj", "{B495F8B0-FF82-4BB8-8281-D043B70ED207}"
EndProject
Project("{FAE04EC0-301F-11D3-BF4B-00C04F79EFBC}") = "Tyuiu.PozhdinAA.Sprint4.Task0.V9.Lib", "Tyuiu.PozhdinAA.Sprint4.Task0.V9.Lib\Tyuiu.PozhdinAA.Sprint4.Task0.V9.Lib.csproj", "{4C4791A4-0B6F-49F2-A751-A0243BB0927A}"
EndProject
Project("{FAE04EC0-301F-11D3-BF4B-00C04F79EFBC}") = "Tyuiu.PozhdinAA.Sprint4.Task0.V9.Test", "Tyuiu.PozhdinAA.Sprint4.Task0.V9.Test\Tyuiu.PozhdinAA.Sprint4.Task0.V9.Test.csproj", "{81B32E89-2977-47E5-94D5-B7C49253C915}"
EndProject
Global
	GlobalSection(SolutionConfigurationPlatforms) = preSolution
		Debug|Any CPU = Debug|Any CPU
		Release|Any CPU = Release|Any CPU
	EndGlobalSection
	GlobalSection(ProjectConfigurationPlatforms) = postSolution
		{B495F8B0-FF82-4BB8-8281-D043B70ED207}.Debug|Any CPU.ActiveCfg = Debug|Any CPU
		{B495F8B0-FF82-4BB8-8281-D043B70ED207}.Debug|Any CPU.Build.0 = Debug|Any CPU
		{B495F8B0-FF82-4BB8-8281-D043B70ED207}.Release|Any CPU.ActiveCfg = Release|Any CPU
		{B495F8B0-FF82-4BB8-8281-D043B70ED207}.Release|Any CPU.Build.0 = Release|Any CPU
		{4C4791A4-0B6F-49F2-A751-A0243BB0927A}.Debug|Any CPU.ActiveCfg = Debug|Any CPU
		{4C4791A4-0B6F-49F2-A751-A0243BB0927A}.Debug|Any CPU.Build.0 = Debug|Any CPU
		{4C4791A4-0B6F-49F2-A751-A0243BB0927A}.Release|Any CPU.ActiveCfg = Release|Any CPU
		{4C4791A4-0B6F-49F2-A751-A0243BB0927A}.Release|Any CPU.Build.0 = Release|Any CPU
		{81B32E89-2977-47E5-94D5-B7C49253C915}.Debug|Any CPU.ActiveCfg = Debug|Any CPU
		{81B32E89-2977-47E5-94D5-B7C49253C915}.Debug|Any CPU.Build.0 = Debug|Any CPU
		{81B32E89-2977-47E5-94D5-B7C49253C915}.Release|Any CPU.ActiveCfg = Release|Any CPU
		{81B32E89-2977-47E5-94D5-B7C49253C915}.Release|Any CPU.Build.0 = Release|Any CPU
	EndGlobalSection
	GlobalSection(SolutionProperties) = preSolution
		HideSolutionNode = FALSE
	EndGlobalSection
	GlobalSection(NestedProjects) = preSolution
		{B495F8B0-FF82-4BB8-8281-D043B70ED207} = {85E6E904-70AF-4566-99F1-F6C925B8B919}
		{4C4791A4-0B6F-49F2-A751-A0243BB0927A} = {85E6E904-70AF-4566-99F1-F6C925B8B919}
		{81B32E89-2977-47E5-94D5-B7C49253C915} = {85E6E904-70AF-4566-99F1-F6C925B8B919}
	EndGlobalSection
	GlobalSection(ExtensibilityGlobals) = postSolution
		SolutionGuid = {D96857C7-1634-487A-8B93-D98568AAA80B}
	EndGlobalSection
EndGlobal
